
Microsoft Visual Studio Solution File, Format Version 12.00
# Visual Studio Version 16
VisualStudioVersion = 16.0.30907.101
MinimumVisualStudioVersion = 10.0.40219.1
Project("{FAE04EC0-301F-11D3-BF4B-00C04F79EFBC}") = "DiceRoller", "DiceRoller.csproj", "{567D5468-B23D-4C5B-9905-6686E0C3B641}"
EndProject
Global
	GlobalSection(SolutionConfigurationPlatforms) = preSolution
		Debug|Any CPU = Debug|Any CPU
		Release|Any CPU = Release|Any CPU
	EndGlobalSection
	GlobalSection(ProjectConfigurationPlatforms) = postSolution
		{567D5468-B23D-4C5B-9905-6686E0C3B641}.Debug|Any CPU.ActiveCfg = Debug|Any CPU
		{567D5468-B23D-4C5B-9905-6686E0C3B641}.Debug|Any CPU.Build.0 = Debug|Any CPU
		{567D5468-B23D-4C5B-9905-6686E0C3B641}.Release|Any CPU.ActiveCfg = Release|Any CPU
		{567D5468-B23D-4C5B-9905-6686E0C3B641}.Release|Any CPU.Build.0 = Release|Any CPU
	EndGlobalSection
	GlobalSection(SolutionProperties) = preSolution
		HideSolutionNode = FALSE
	EndGlobalSection
	GlobalSection(ExtensibilityGlobals) = postSolution
		SolutionGuid = {5B7AE6B3-76CD-442F-9A19-0193A5329481}
	EndGlobalSection
EndGlobal
